# This file was autogenerated by Stack.
# You should not edit this file by hand.
# For more information, please see the documentation at:
#   https://docs.haskellstack.org/en/stable/lock_files

packages:
- completed:
    hackage: string-random-0.1.0.0@sha256:421a99e3330a23ae664a706be4712c5ca0ff188bbd5d95e8a4a1fbf143365b98,2238
    pantry-tree:
      size: 434
      sha256: 4092aa6c08612cf9c07a1f1eea0ae3e42b28bac9e621bf491c781859a70bffcd
  original:
    hackage: string-random-0.1.0.0
- completed:
    hackage: digestive-functors-0.8.3.0@sha256:090895c10f8a20ed834b89bb8ac6aa9512367b614a06316bf6dcd2f0ab6c165a,3041
    pantry-tree:
      size: 1682
      sha256: 2f1a567ce6b73f0c8b31f4ea297f2b102107c96e8167a6ed68e0702d1c469b4e
  original:
    hackage: digestive-functors-0.8.3.0
- completed:
    hackage: digestive-functors-aeson-1.1.24@sha256:d36c71ebec95d2489039ee6bfa7e5fefc09655c9ae58fa7796686fb48ea40532,1584
    pantry-tree:
      size: 345
      sha256: aa51f7239f44ab1743377aa825fca092ed0465a00984594b3e679afab3f41b4d
  original:
    hackage: digestive-functors-aeson-1.1.24
- completed:
    hackage: slug-0.1.7@sha256:b9d9b1c9e259dff95ddee1d24fe22c6741a6a536b725ec490269ada104e502a2,2441
    pantry-tree:
      size: 360
      sha256: 414e3f54c4a965a7459cb4a0f4b7ffcbc4ae45a95e207837c8ddfb8facd0f3c1
  original:
    hackage: slug-0.1.7
- completed:
    hackage: http-api-data-0.3.10@sha256:13e1ed2514ec7a857454f472604fc6bf9616d908d2de7202c2507e413029c907,3695
    pantry-tree:
      size: 945
      sha256: ced1fe4b910b92cf402ab26bd7f8fbbeec17907471052d73f8af83ce5c26bd00
  original:
    hackage: http-api-data-0.3.10
- completed:
    hackage: cookie-0.4.4@sha256:34a61659b3294a5650296c16ab31d779c46a3d4c691d5147ef10b0648ad6c914,1448
    pantry-tree:
      size: 360
      sha256: 266bc87227b0be72699923cfc7320eb4197af21704df090bd88d2f896b27e330
  original:
    hackage: cookie-0.4.4
snapshots:
- completed:
    size: 524804
    url: https://raw.githubusercontent.com/commercialhaskell/stackage-snapshots/master/lts/14/16.yaml
    sha256: 4d1519a4372d051d47a5eae2241cf3fb54e113d7475f89707ddb6ec06add2888
  original: lts-14.16
